<?xml version="1.0" encoding="utf-8"?>
<Project ToolsVersion="4.0" xmlns="http://schemas.microsoft.com/developer/msbuild/2003">
  <ItemGroup>
    <Filter Include="Source Files">
      <UniqueIdentifier>{09D2A8B6-AD86-40F0-A578-33479E692063}</UniqueIdentifier>
      <Extensions>cpp;c;cc;cxx</Extensions>
    </Filter>
    <Filter Include="Shaders">
      <UniqueIdentifier>{BB6E9569-2150-4D4F-9E1D-D8EC4462F419}</UniqueIdentifier>
      <Extensions>hlsl</Extensions>
    </Filter>
    <Filter Include="Assets">
      <UniqueIdentifier>{00F5A430-E3FA-4F72-B414-B23B01E78F1B}</UniqueIdentifier>
    </Filter>
  </ItemGroup>
  <ItemGroup>
    <ClCompile Include="Main.cpp">
      <Filter>Source Files</Filter>
    </ClCompile>
  </ItemGroup>
  <ItemGroup>
    <CustomBuild Include="QuadTextureVulkan.hlsl">
      <Filter>Shaders</Filter>
    </CustomBuild>
  </ItemGroup>
  <ItemGroup>
    <Content Include="Assets\quad.dds">
      <Filter>Assets</Filter>
    </Content>
  </ItemGroup>
</Project>
